
Microsoft Visual Studio Solution File, Format Version 12.00
# Visual Studio 14
VisualStudioVersion = 14.0.25123.0
MinimumVisualStudioVersion = 10.0.40219.1
Project("{FAE04EC0-301F-11D3-BF4B-00C04F79EFBC}") = "ServerSnake", "ServerSnake\ServerSnake.csproj", "{B30C9776-8077-4414-A1A9-AEA261D4CB09}"
EndProject
Project("{FAE04EC0-301F-11D3-BF4B-00C04F79EFBC}") = "ClientSnake", "ClientSnake\ClientSnake.csproj", "{442F82D4-426F-4CB5-A4A0-A1A304DF9FBF}"
EndProject
Project("{FAE04EC0-301F-11D3-BF4B-00C04F79EFBC}") = "SnakeLib", "SnakeLib\SnakeLib.csproj", "{CD863409-F046-4870-9AEB-62645B25758E}"
EndProject
Project("{FAE04EC0-301F-11D3-BF4B-00C04F79EFBC}") = "WebClientSnake", "WebClientSnake\WebClientSnake.csproj", "{A264A135-D8A8-488F-A9AC-0C8D0F0C9DF6}"
	ProjectSection(ProjectDependencies) = postProject
		{B30C9776-8077-4414-A1A9-AEA261D4CB09} = {B30C9776-8077-4414-A1A9-AEA261D4CB09}
	EndProjectSection
EndProject
Global
	GlobalSection(SolutionConfigurationPlatforms) = preSolution
		Debug|Any CPU = Debug|Any CPU
		Release|Any CPU = Release|Any CPU
	EndGlobalSection
	GlobalSection(ProjectConfigurationPlatforms) = postSolution
		{B30C9776-8077-4414-A1A9-AEA261D4CB09}.Debug|Any CPU.ActiveCfg = Debug|Any CPU
		{B30C9776-8077-4414-A1A9-AEA261D4CB09}.Debug|Any CPU.Build.0 = Debug|Any CPU
		{B30C9776-8077-4414-A1A9-AEA261D4CB09}.Release|Any CPU.ActiveCfg = Release|Any CPU
		{B30C9776-8077-4414-A1A9-AEA261D4CB09}.Release|Any CPU.Build.0 = Release|Any CPU
		{442F82D4-426F-4CB5-A4A0-A1A304DF9FBF}.Debug|Any CPU.ActiveCfg = Debug|Any CPU
		{442F82D4-426F-4CB5-A4A0-A1A304DF9FBF}.Debug|Any CPU.Build.0 = Debug|Any CPU
		{442F82D4-426F-4CB5-A4A0-A1A304DF9FBF}.Release|Any CPU.ActiveCfg = Release|Any CPU
		{442F82D4-426F-4CB5-A4A0-A1A304DF9FBF}.Release|Any CPU.Build.0 = Release|Any CPU
		{CD863409-F046-4870-9AEB-62645B25758E}.Debug|Any CPU.ActiveCfg = Debug|Any CPU
		{CD863409-F046-4870-9AEB-62645B25758E}.Debug|Any CPU.Build.0 = Debug|Any CPU
		{CD863409-F046-4870-9AEB-62645B25758E}.Release|Any CPU.ActiveCfg = Release|Any CPU
		{CD863409-F046-4870-9AEB-62645B25758E}.Release|Any CPU.Build.0 = Release|Any CPU
		{A264A135-D8A8-488F-A9AC-0C8D0F0C9DF6}.Debug|Any CPU.ActiveCfg = Debug|Any CPU
		{A264A135-D8A8-488F-A9AC-0C8D0F0C9DF6}.Debug|Any CPU.Build.0 = Debug|Any CPU
		{A264A135-D8A8-488F-A9AC-0C8D0F0C9DF6}.Release|Any CPU.ActiveCfg = Release|Any CPU
		{A264A135-D8A8-488F-A9AC-0C8D0F0C9DF6}.Release|Any CPU.Build.0 = Release|Any CPU
	EndGlobalSection
	GlobalSection(SolutionProperties) = preSolution
		HideSolutionNode = FALSE
	EndGlobalSection
EndGlobal
